// !$*UTF8*$!
{
	archiveVersion = 1;
	classes = {
	};
	objectVersion = 50;
	objects = {

/* Begin PBXBuildFile section */
		5E17163B241B5A6000A452B2 /* AppDelegate.m in Sources */ = {isa = PBXBuildFile; fileRef = 5E17163A241B5A6000A452B2 /* AppDelegate.m */; };
		5E17163E241B5A6000A452B2 /* SceneDelegate.m in Sources */ = {isa = PBXBuildFile; fileRef = 5E17163D241B5A6000A452B2 /* SceneDelegate.m */; };
		5E171641241B5A6000A452B2 /* MainViewController.m in Sources */ = {isa = PBXBuildFile; fileRef = 5E171640241B5A6000A452B2 /* MainViewController.m */; };
		5E171644241B5A6000A452B2 /* Main.storyboard in Resources */ = {isa = PBXBuildFile; fileRef = 5E171642241B5A6000A452B2 /* Main.storyboard */; };
		5E171646241B5A6300A452B2 /* Assets.xcassets in Resources */ = {isa = PBXBuildFile; fileRef = 5E171645241B5A6300A452B2 /* Assets.xcassets */; };
		5E171649241B5A6300A452B2 /* LaunchScreen.storyboard in Resources */ = {isa = PBXBuildFile; fileRef = 5E171647241B5A6300A452B2 /* LaunchScreen.storyboard */; };
		5E17164C241B5A6300A452B2 /* main.m in Sources */ = {isa = PBXBuildFile; fileRef = 5E17164B241B5A6300A452B2 /* main.m */; };
		5E171656241B5A6300A452B2 /* FlickrPhotoTests.m in Sources */ = {isa = PBXBuildFile; fileRef = 5E171655241B5A6300A452B2 /* FlickrPhotoTests.m */; };
		5E171661241B5A6400A452B2 /* FlickrPhotoUITests.m in Sources */ = {isa = PBXBuildFile; fileRef = 5E171660241B5A6400A452B2 /* FlickrPhotoUITests.m */; };
		5E171671241B5F4700A452B2 /* PhotoDisplayController.m in Sources */ = {isa = PBXBuildFile; fileRef = 5E171670241B5F4700A452B2 /* PhotoDisplayController.m */; };
		5E171674241B70F500A452B2 /* JSDataManager.m in Sources */ = {isa = PBXBuildFile; fileRef = 5E171673241B70F500A452B2 /* JSDataManager.m */; };
		6BDE0617BC02741356F220EC /* libPods-FlickrPhoto.a in Frameworks */ = {isa = PBXBuildFile; fileRef = 81DCC0BA23EC3600B88F834C /* libPods-FlickrPhoto.a */; };
/* End PBXBuildFile section */

/* Begin PBXContainerItemProxy section */
		5E171652241B5A6300A452B2 /* PBXContainerItemProxy */ = {
			isa = PBXContainerItemProxy;
			containerPortal = 5E17162E241B5A6000A452B2 /* Project object */;
			proxyType = 1;
			remoteGlobalIDString = 5E171635241B5A6000A452B2;
			remoteInfo = FlickrPhoto;
		};
		5E17165D241B5A6400A452B2 /* PBXContainerItemProxy */ = {
			isa = PBXContainerItemProxy;
			containerPortal = 5E17162E241B5A6000A452B2 /* Project object */;
			proxyType = 1;
			remoteGlobalIDString = 5E171635241B5A6000A452B2;
			remoteInfo = FlickrPhoto;
		};
/* End PBXContainerItemProxy section */

/* Begin PBXFileReference section */
		1E18BAC552B6C3646A0CF323 /* Pods-FlickrPhoto.release.xcconfig */ = {isa = PBXFileReference; includeInIndex = 1; lastKnownFileType = text.xcconfig; name = "Pods-FlickrPhoto.release.xcconfig"; path = "Pods/Target Support Files/Pods-FlickrPhoto/Pods-FlickrPhoto.release.xcconfig"; sourceTree = "<group>"; };
		5E171636241B5A6000A452B2 /* FlickrPhoto.app */ = {isa = PBXFileReference; explicitFileType = wrapper.application; includeInIndex = 0; path = FlickrPhoto.app; sourceTree = BUILT_PRODUCTS_DIR; };
		5E171639241B5A6000A452B2 /* AppDelegate.h */ = {isa = PBXFileReference; lastKnownFileType = sourcecode.c.h; path = AppDelegate.h; sourceTree = "<group>"; };
		5E17163A241B5A6000A452B2 /* AppDelegate.m */ = {isa = PBXFileReference; lastKnownFileType = sourcecode.c.objc; path = AppDelegate.m; sourceTree = "<group>"; };
		5E17163C241B5A6000A452B2 /* SceneDelegate.h */ = {isa = PBXFileReference; lastKnownFileType = sourcecode.c.h; path = SceneDelegate.h; sourceTree = "<group>"; };
		5E17163D241B5A6000A452B2 /* SceneDelegate.m */ = {isa = PBXFileReference; lastKnownFileType = sourcecode.c.objc; path = SceneDelegate.m; sourceTree = "<group>"; };
		5E17163F241B5A6000A452B2 /* MainViewController.h */ = {isa = PBXFileReference; lastKnownFileType = sourcecode.c.h; path = MainViewController.h; sourceTree = "<group>"; };
		5E171640241B5A6000A452B2 /* MainViewController.m */ = {isa = PBXFileReference; lastKnownFileType = sourcecode.c.objc; path = MainViewController.m; sourceTree = "<group>"; };
		5E171643241B5A6000A452B2 /* Base */ = {isa = PBXFileReference; lastKnownFileType = file.storyboard; name = Base; path = Base.lproj/Main.storyboard; sourceTree = "<group>"; };
		5E171645241B5A6300A452B2 /* Assets.xcassets */ = {isa = PBXFileReference; lastKnownFileType = folder.assetcatalog; path = Assets.xcassets; sourceTree = "<group>"; };
		5E171648241B5A6300A452B2 /* Base */ = {isa = PBXFileReference; lastKnownFileType = file.storyboard; name = Base; path = Base.lproj/LaunchScreen.storyboard; sourceTree = "<group>"; };
		5E17164A241B5A6300A452B2 /* Info.plist */ = {isa = PBXFileReference; lastKnownFileType = text.plist.xml; path = Info.plist; sourceTree = "<group>"; };
		5E17164B241B5A6300A452B2 /* main.m */ = {isa = PBXFileReference; lastKnownFileType = sourcecode.c.objc; path = main.m; sourceTree = "<group>"; };
		5E171651241B5A6300A452B2 /* FlickrPhotoTests.xctest */ = {isa = PBXFileReference; explicitFileType = wrapper.cfbundle; includeInIndex = 0; path = FlickrPhotoTests.xctest; sourceTree = BUILT_PRODUCTS_DIR; };
		5E171655241B5A6300A452B2 /* FlickrPhotoTests.m */ = {isa = PBXFileReference; lastKnownFileType = sourcecode.c.objc; path = FlickrPhotoTests.m; sourceTree = "<group>"; };
		5E171657241B5A6300A452B2 /* Info.plist */ = {isa = PBXFileReference; lastKnownFileType = text.plist.xml; path = Info.plist; sourceTree = "<group>"; };
		5E17165C241B5A6400A452B2 /* FlickrPhotoUITests.xctest */ = {isa = PBXFileReference; explicitFileType = wrapper.cfbundle; includeInIndex = 0; path = FlickrPhotoUITests.xctest; sourceTree = BUILT_PRODUCTS_DIR; };
		5E171660241B5A6400A452B2 /* FlickrPhotoUITests.m */ = {isa = PBXFileReference; lastKnownFileType = sourcecode.c.objc; path = FlickrPhotoUITests.m; sourceTree = "<group>"; };
		5E171662241B5A6400A452B2 /* Info.plist */ = {isa = PBXFileReference; lastKnownFileType = text.plist.xml; path = Info.plist; sourceTree = "<group>"; };
		5E17166F241B5F4700A452B2 /* PhotoDisplayController.h */ = {isa = PBXFileReference; lastKnownFileType = sourcecode.c.h; path = PhotoDisplayController.h; sourceTree = "<group>"; };
		5E171670241B5F4700A452B2 /* PhotoDisplayController.m */ = {isa = PBXFileReference; lastKnownFileType = sourcecode.c.objc; path = PhotoDisplayController.m; sourceTree = "<group>"; };
		5E171672241B70F500A452B2 /* JSDataManager.h */ = {isa = PBXFileReference; lastKnownFileType = sourcecode.c.h; path = JSDataManager.h; sourceTree = "<group>"; };
		5E171673241B70F500A452B2 /* JSDataManager.m */ = {isa = PBXFileReference; lastKnownFileType = sourcecode.c.objc; path = JSDataManager.m; sourceTree = "<group>"; };
		5E171675241B76D900A452B2 /* FlickrPhoto.entitlements */ = {isa = PBXFileReference; lastKnownFileType = text.plist.entitlements; path = FlickrPhoto.entitlements; sourceTree = "<group>"; };
		81DCC0BA23EC3600B88F834C /* libPods-FlickrPhoto.a */ = {isa = PBXFileReference; explicitFileType = archive.ar; includeInIndex = 0; path = "libPods-FlickrPhoto.a"; sourceTree = BUILT_PRODUCTS_DIR; };
		A977120A8B2832E617E87978 /* Pods-FlickrPhoto.debug.xcconfig */ = {isa = PBXFileReference; includeInIndex = 1; lastKnownFileType = text.xcconfig; name = "Pods-FlickrPhoto.debug.xcconfig"; path = "Pods/Target Support Files/Pods-FlickrPhoto/Pods-FlickrPhoto.debug.xcconfig"; sourceTree = "<group>"; };
/* End PBXFileReference section */

/* Begin PBXFrameworksBuildPhase section */
		5E171633241B5A6000A452B2 /* Frameworks */ = {
			isa = PBXFrameworksBuildPhase;
			buildActionMask = 2147483647;
			files = (
				6BDE0617BC02741356F220EC /* libPods-FlickrPhoto.a in Frameworks */,
			);
			runOnlyForDeploymentPostprocessing = 0;
		};
		5E17164E241B5A6300A452B2 /* Frameworks */ = {
			isa = PBXFrameworksBuildPhase;
			buildActionMask = 2147483647;
			files = (
			);
			runOnlyForDeploymentPostprocessing = 0;
		};
		5E171659241B5A6400A452B2 /* Frameworks */ = {
			isa = PBXFrameworksBuildPhase;
			buildActionMask = 2147483647;
			files = (
			);
			runOnlyForDeploymentPostprocessing = 0;
		};
/* End PBXFrameworksBuildPhase section */

/* Begin PBXGroup section */
		4FE7BFBAD3A282EC41A14C5D /* Frameworks */ = {
			isa = PBXGroup;
			children = (
				81DCC0BA23EC3600B88F834C /* libPods-FlickrPhoto.a */,
			);
			name = Frameworks;
			sourceTree = "<group>";
		};
		5E17162D241B5A6000A452B2 = {
			isa = PBXGroup;
			children = (
				5E171638241B5A6000A452B2 /* FlickrPhoto */,
				5E171654241B5A6300A452B2 /* FlickrPhotoTests */,
				5E17165F241B5A6400A452B2 /* FlickrPhotoUITests */,
				5E171637241B5A6000A452B2 /* Products */,
				A3F74A3BB9389AE38B069488 /* Pods */,
				4FE7BFBAD3A282EC41A14C5D /* Frameworks */,
			);
			sourceTree = "<group>";
		};
		5E171637241B5A6000A452B2 /* Products */ = {
			isa = PBXGroup;
			children = (
				5E171636241B5A6000A452B2 /* FlickrPhoto.app */,
				5E171651241B5A6300A452B2 /* FlickrPhotoTests.xctest */,
				5E17165C241B5A6400A452B2 /* FlickrPhotoUITests.xctest */,
			);
			name = Products;
			sourceTree = "<group>";
		};
		5E171638241B5A6000A452B2 /* FlickrPhoto */ = {
			isa = PBXGroup;
			children = (
				5E171677241B7E7C00A452B2 /* Controller */,
				5E171676241B7E5C00A452B2 /* TempObject */,
				5E171675241B76D900A452B2 /* FlickrPhoto.entitlements */,
				5E171639241B5A6000A452B2 /* AppDelegate.h */,
				5E17163A241B5A6000A452B2 /* AppDelegate.m */,
				5E17163C241B5A6000A452B2 /* SceneDelegate.h */,
				5E17163D241B5A6000A452B2 /* SceneDelegate.m */,
				5E171642241B5A6000A452B2 /* Main.storyboard */,
				5E171645241B5A6300A452B2 /* Assets.xcassets */,
				5E171647241B5A6300A452B2 /* LaunchScreen.storyboard */,
				5E17164A241B5A6300A452B2 /* Info.plist */,
				5E17164B241B5A6300A452B2 /* main.m */,
			);
			path = FlickrPhoto;
			sourceTree = "<group>";
		};
		5E171654241B5A6300A452B2 /* FlickrPhotoTests */ = {
			isa = PBXGroup;
			children = (
				5E171655241B5A6300A452B2 /* FlickrPhotoTests.m */,
				5E171657241B5A6300A452B2 /* Info.plist */,
			);
			path = FlickrPhotoTests;
			sourceTree = "<group>";
		};
		5E17165F241B5A6400A452B2 /* FlickrPhotoUITests */ = {
			isa = PBXGroup;
			children = (
				5E171660241B5A6400A452B2 /* FlickrPhotoUITests.m */,
				5E171662241B5A6400A452B2 /* Info.plist */,
			);
			path = FlickrPhotoUITests;
			sourceTree = "<group>";
		};
		5E171676241B7E5C00A452B2 /* TempObject */ = {
			isa = PBXGroup;
			children = (
				5E171672241B70F500A452B2 /* JSDataManager.h */,
				5E171673241B70F500A452B2 /* JSDataManager.m */,
			);
			path = TempObject;
			sourceTree = "<group>";
		};
		5E171677241B7E7C00A452B2 /* Controller */ = {
			isa = PBXGroup;
			children = (
				5E17163F241B5A6000A452B2 /* MainViewController.h */,
				5E171640241B5A6000A452B2 /* MainViewController.m */,
				5E17166F241B5F4700A452B2 /* PhotoDisplayController.h */,
				5E171670241B5F4700A452B2 /* PhotoDisplayController.m */,
			);
			path = Controller;
			sourceTree = "<group>";
		};
		A3F74A3BB9389AE38B069488 /* Pods */ = {
			isa = PBXGroup;
			children = (
				A977120A8B2832E617E87978 /* Pods-FlickrPhoto.debug.xcconfig */,
				1E18BAC552B6C3646A0CF323 /* Pods-FlickrPhoto.release.xcconfig */,
			);
			name = Pods;
			sourceTree = "<group>";
		};
/* End PBXGroup section */

/* Begin PBXNativeTarget section */
		5E171635241B5A6000A452B2 /* FlickrPhoto */ = {
			isa = PBXNativeTarget;
			buildConfigurationList = 5E171665241B5A6400A452B2 /* Build configuration list for PBXNativeTarget "FlickrPhoto" */;
			buildPhases = (
				75D027236B7DC661A5F23B25 /* [CP] Check Pods Manifest.lock */,
				5E171632241B5A6000A452B2 /* Sources */,
				5E171633241B5A6000A452B2 /* Frameworks */,
				5E171634241B5A6000A452B2 /* Resources */,
			);
			buildRules = (
			);
			dependencies = (
			);
			name = FlickrPhoto;
			productName = FlickrPhoto;
			productReference = 5E171636241B5A6000A452B2 /* FlickrPhoto.app */;
			productType = "com.apple.product-type.application";
		};
		5E171650241B5A6300A452B2 /* FlickrPhotoTests */ = {
			isa = PBXNativeTarget;
			buildConfigurationList = 5E171668241B5A6400A452B2 /* Build configuration list for PBXNativeTarget "FlickrPhotoTests" */;
			buildPhases = (
				5E17164D241B5A6300A452B2 /* Sources */,
				5E17164E241B5A6300A452B2 /* Frameworks */,
				5E17164F241B5A6300A452B2 /* Resources */,
			);
			buildRules = (
			);
			dependencies = (
				5E171653241B5A6300A452B2 /* PBXTargetDependency */,
			);
			name = FlickrPhotoTests;
			productName = FlickrPhotoTests;
			productReference = 5E171651241B5A6300A452B2 /* FlickrPhotoTests.xctest */;
			productType = "com.apple.product-type.bundle.unit-test";
		};
		5E17165B241B5A6400A452B2 /* FlickrPhotoUITests */ = {
			isa = PBXNativeTarget;
			buildConfigurationList = 5E17166B241B5A6400A452B2 /* Build configuration list for PBXNativeTarget "FlickrPhotoUITests" */;
			buildPhases = (
				5E171658241B5A6400A452B2 /* Sources */,
				5E171659241B5A6400A452B2 /* Frameworks */,
				5E17165A241B5A6400A452B2 /* Resources */,
			);
			buildRules = (
			);
			dependencies = (
				5E17165E241B5A6400A452B2 /* PBXTargetDependency */,
			);
			name = FlickrPhotoUITests;
			productName = FlickrPhotoUITests;
			productReference = 5E17165C241B5A6400A452B2 /* FlickrPhotoUITests.xctest */;
			productType = "com.apple.product-type.bundle.ui-testing";
		};
/* End PBXNativeTarget section */

/* Begin PBXProject section */
		5E17162E241B5A6000A452B2 /* Project object */ = {
			isa = PBXProject;
			attributes = {
				LastUpgradeCheck = 1120;
				ORGANIZATIONNAME = cch;
				TargetAttributes = {
					5E171635241B5A6000A452B2 = {
						CreatedOnToolsVersion = 11.2.1;
					};
					5E171650241B5A6300A452B2 = {
						CreatedOnToolsVersion = 11.2.1;
						TestTargetID = 5E171635241B5A6000A452B2;
					};
					5E17165B241B5A6400A452B2 = {
						CreatedOnToolsVersion = 11.2.1;
						TestTargetID = 5E171635241B5A6000A452B2;
					};
				};
			};
			buildConfigurationList = 5E171631241B5A6000A452B2 /* Build configuration list for PBXProject "FlickrPhoto" */;
			compatibilityVersion = "Xcode 9.3";
			developmentRegion = en;
			hasScannedForEncodings = 0;
			knownRegions = (
				en,
				Base,
			);
			mainGroup = 5E17162D241B5A6000A452B2;
			productRefGroup = 5E171637241B5A6000A452B2 /* Products */;
			projectDirPath = "";
			projectRoot = "";
			targets = (
				5E171635241B5A6000A452B2 /* FlickrPhoto */,
				5E171650241B5A6300A452B2 /* FlickrPhotoTests */,
				5E17165B241B5A6400A452B2 /* FlickrPhotoUITests */,
			);
		};
/* End PBXProject section */

/* Begin PBXResourcesBuildPhase section */
		5E171634241B5A6000A452B2 /* Resources */ = {
			isa = PBXResourcesBuildPhase;
			buildActionMask = 2147483647;
			files = (
				5E171649241B5A6300A452B2 /* LaunchScreen.storyboard in Resources */,
				5E171646241B5A6300A452B2 /* Assets.xcassets in Resources */,
				5E171644241B5A6000A452B2 /* Main.storyboard in Resources */,
			);
			runOnlyForDeploymentPostprocessing = 0;
		};
		5E17164F241B5A6300A452B2 /* Resources */ = {
			isa = PBXResourcesBuildPhase;
			buildActionMask = 2147483647;
			files = (
			);
			runOnlyForDeploymentPostprocessing = 0;
		};
		5E17165A241B5A6400A452B2 /* Resources */ = {
			isa = PBXResourcesBuildPhase;
			buildActionMask = 2147483647;
			files = (
			);
			runOnlyForDeploymentPostprocessing = 0;
		};
/* End PBXResourcesBuildPhase section */

/* Begin PBXShellScriptBuildPhase section */
		75D027236B7DC661A5F23B25 /* [CP] Check Pods Manifest.lock */ = {
			isa = PBXShellScriptBuildPhase;
			buildActionMask = 2147483647;
			files = (
			);
			inputPaths = (
				"${PODS_PODFILE_DIR_PATH}/Podfile.lock",
				"${PODS_ROOT}/Manifest.lock",
			);
			name = "[CP] Check Pods Manifest.lock";
			outputPaths = (
				"$(DERIVED_FILE_DIR)/Pods-FlickrPhoto-checkManifestLockResult.txt",
			);
			runOnlyForDeploymentPostprocessing = 0;
			shellPath = /bin/sh;
			shellScript = "diff \"${PODS_PODFILE_DIR_PATH}/Podfile.lock\" \"${PODS_ROOT}/Manifest.lock\" > /dev/null\nif [ $? != 0 ] ; then\n    # print error to STDERR\n    echo \"error: The sandbox is not in sync with the Podfile.lock. Run 'pod install' or update your CocoaPods installation.\" >&2\n    exit 1\nfi\n# This output is used by Xcode 'outputs' to avoid re-running this script phase.\necho \"SUCCESS\" > \"${SCRIPT_OUTPUT_FILE_0}\"\n";
			showEnvVarsInLog = 0;
		};
/* End PBXShellScriptBuildPhase section */

/* Begin PBXSourcesBuildPhase section */
		5E171632241B5A6000A452B2 /* Sources */ = {
			isa = PBXSourcesBuildPhase;
			buildActionMask = 2147483647;
			files = (
				5E171641241B5A6000A452B2 /* MainViewController.m in Sources */,
				5E17163B241B5A6000A452B2 /* AppDelegate.m in Sources */,
				5E171674241B70F500A452B2 /* JSDataManager.m in Sources */,
				5E171671241B5F4700A452B2 /* PhotoDisplayController.m in Sources */,
				5E17164C241B5A6300A452B2 /* main.m in Sources */,
				5E17163E241B5A6000A452B2 /* SceneDelegate.m in Sources */,
			);
			runOnlyForDeploymentPostprocessing = 0;
		};
		5E17164D241B5A6300A452B2 /* Sources */ = {
			isa = PBXSourcesBuildPhase;
			buildActionMask = 2147483647;
			files = (
				5E171656241B5A6300A452B2 /* FlickrPhotoTests.m in Sources */,
			);
			runOnlyForDeploymentPostprocessing = 0;
		};
		5E171658241B5A6400A452B2 /* Sources */ = {
			isa = PBXSourcesBuildPhase;
			buildActionMask = 2147483647;
			files = (
				5E171661241B5A6400A452B2 /* FlickrPhotoUITests.m in Sources */,
			);
			runOnlyForDeploymentPostprocessing = 0;
		};
/* End PBXSourcesBuildPhase section */

/* Begin PBXTargetDependency section */
		5E171653241B5A6300A452B2 /* PBXTargetDependency */ = {
			isa = PBXTargetDependency;
			target = 5E171635241B5A6000A452B2 /* FlickrPhoto */;
			targetProxy = 5E171652241B5A6300A452B2 /* PBXContainerItemProxy */;
		};
		5E17165E241B5A6400A452B2 /* PBXTargetDependency */ = {
			isa = PBXTargetDependency;
			target = 5E171635241B5A6000A452B2 /* FlickrPhoto */;
			targetProxy = 5E17165D241B5A6400A452B2 /* PBXContainerItemProxy */;
		};
/* End PBXTargetDependency section */

/* Begin PBXVariantGroup section */
		5E171642241B5A6000A452B2 /* Main.storyboard */ = {
			isa = PBXVariantGroup;
			children = (
				5E171643241B5A6000A452B2 /* Base */,
			);
			name = Main.storyboard;
			sourceTree = "<group>";
		};
		5E171647241B5A6300A452B2 /* LaunchScreen.storyboard */ = {
			isa = PBXVariantGroup;
			children = (
				5E171648241B5A6300A452B2 /* Base */,
			);
			name = LaunchScreen.storyboard;
			sourceTree = "<group>";
		};
/* End PBXVariantGroup section */

/* Begin XCBuildConfiguration section */
		5E171663241B5A6400A452B2 /* Debug */ = {
			isa = XCBuildConfiguration;
			buildSettings = {
				ALWAYS_SEARCH_USER_PATHS = NO;
				CLANG_ANALYZER_NONNULL = YES;
				CLANG_ANALYZER_NUMBER_OBJECT_CONVERSION = YES_AGGRESSIVE;
				CLANG_CXX_LANGUAGE_STANDARD = "gnu++14";
				CLANG_CXX_LIBRARY = "libc++";
				CLANG_ENABLE_MODULES = YES;
				CLANG_ENABLE_OBJC_ARC = YES;
				CLANG_ENABLE_OBJC_WEAK = YES;
				CLANG_WARN_BLOCK_CAPTURE_AUTORELEASING = YES;
				CLANG_WARN_BOOL_CONVERSION = YES;
				CLANG_WARN_COMMA = YES;
				CLANG_WARN_CONSTANT_CONVERSION = YES;
				CLANG_WARN_DEPRECATED_OBJC_IMPLEMENTATIONS = YES;
				CLANG_WARN_DIRECT_OBJC_ISA_USAGE = YES_ERROR;
				CLANG_WARN_DOCUMENTATION_COMMENTS = YES;
				CLANG_WARN_EMPTY_BODY = YES;
				CLANG_WARN_ENUM_CONVERSION = YES;
				CLANG_WARN_INFINITE_RECURSION = YES;
				CLANG_WARN_INT_CONVERSION = YES;
				CLANG_WARN_NON_LITERAL_NULL_CONVERSION = YES;
				CLANG_WARN_OBJC_IMPLICIT_RETAIN_SELF = YES;
				CLANG_WARN_OBJC_LITERAL_CONVERSION = YES;
				CLANG_WARN_OBJC_ROOT_CLASS = YES_ERROR;
				CLANG_WARN_RANGE_LOOP_ANALYSIS = YES;
				CLANG_WARN_STRICT_PROTOTYPES = YES;
				CLANG_WARN_SUSPICIOUS_MOVE = YES;
				CLANG_WARN_UNGUARDED_AVAILABILITY = YES_AGGRESSIVE;
				CLANG_WARN_UNREACHABLE_CODE = YES;
				CLANG_WARN__DUPLICATE_METHOD_MATCH = YES;
				COPY_PHASE_STRIP = NO;
				DEBUG_INFORMATION_FORMAT = dwarf;
				ENABLE_STRICT_OBJC_MSGSEND = YES;
				ENABLE_TESTABILITY = YES;
				GCC_C_LANGUAGE_STANDARD = gnu11;
				GCC_DYNAMIC_NO_PIC = NO;
				GCC_NO_COMMON_BLOCKS = YES;
				GCC_OPTIMIZATION_LEVEL = 0;
				GCC_PREPROCESSOR_DEFINITIONS = (
					"DEBUG=1",
					"$(inherited)",
				);
				GCC_WARN_64_TO_32_BIT_CONVERSION = YES;
				GCC_WARN_ABOUT_RETURN_TYPE = YES_ERROR;
				GCC_WARN_UNDECLARED_SELECTOR = YES;
				GCC_WARN_UNINITIALIZED_AUTOS = YES_AGGRESSIVE;
				GCC_WARN_UNUSED_FUNCTION = YES;
				GCC_WARN_UNUSED_VARIABLE = YES;
				IPHONEOS_DEPLOYMENT_TARGET = 13.2;
				MTL_ENABLE_DEBUG_INFO = INCLUDE_SOURCE;
				MTL_FAST_MATH = YES;
				ONLY_ACTIVE_ARCH = YES;
				SDKROOT = iphoneos;
			};
			name = Debug;
		};
		5E171664241B5A6400A452B2 /* Release */ = {
			isa = XCBuildConfiguration;
			buildSettings = {
				ALWAYS_SEARCH_USER_PATHS = NO;
				CLANG_ANALYZER_NONNULL = YES;
				CLANG_ANALYZER_NUMBER_OBJECT_CONVERSION = YES_AGGRESSIVE;
				CLANG_CXX_LANGUAGE_STANDARD = "gnu++14";
				CLANG_CXX_LIBRARY = "libc++";
				CLANG_ENABLE_MODULES = YES;
				CLANG_ENABLE_OBJC_ARC = YES;
				CLANG_ENABLE_OBJC_WEAK = YES;
				CLANG_WARN_BLOCK_CAPTURE_AUTORELEASING = YES;
				CLANG_WARN_BOOL_CONVERSION = YES;
				CLANG_WARN_COMMA = YES;
				CLANG_WARN_CONSTANT_CONVERSION = YES;
				CLANG_WARN_DEPRECATED_OBJC_IMPLEMENTATIONS = YES;
				CLANG_WARN_DIRECT_OBJC_ISA_USAGE = YES_ERROR;
				CLANG_WARN_DOCUMENTATION_COMMENTS = YES;
				CLANG_WARN_EMPTY_BODY = YES;
				CLANG_WARN_ENUM_CONVERSION = YES;
				CLANG_WARN_INFINITE_RECURSION = YES;
				CLANG_WARN_INT_CONVERSION = YES;
				CLANG_WARN_NON_LITERAL_NULL_CONVERSION = YES;
				CLANG_WARN_OBJC_IMPLICIT_RETAIN_SELF = YES;
				CLANG_WARN_OBJC_LITERAL_CONVERSION = YES;
				CLANG_WARN_OBJC_ROOT_CLASS = YES_ERROR;
				CLANG_WARN_RANGE_LOOP_ANALYSIS = YES;
				CLANG_WARN_STRICT_PROTOTYPES = YES;
				CLANG_WARN_SUSPICIOUS_MOVE = YES;
				CLANG_WARN_UNGUARDED_AVAILABILITY = YES_AGGRESSIVE;
				CLANG_WARN_UNREACHABLE_CODE = YES;
				CLANG_WARN__DUPLICATE_METHOD_MATCH = YES;
				COPY_PHASE_STRIP = NO;
				DEBUG_INFORMATION_FORMAT = "dwarf-with-dsym";
				ENABLE_NS_ASSERTIONS = NO;
				ENABLE_STRICT_OBJC_MSGSEND = YES;
				GCC_C_LANGUAGE_STANDARD = gnu11;
				GCC_NO_COMMON_BLOCKS = YES;
				GCC_WARN_64_TO_32_BIT_CONVERSION = YES;
				GCC_WARN_ABOUT_RETURN_TYPE = YES_ERROR;
				GCC_WARN_UNDECLARED_SELECTOR = YES;
				GCC_WARN_UNINITIALIZED_AUTOS = YES_AGGRESSIVE;
				GCC_WARN_UNUSED_FUNCTION = YES;
				GCC_WARN_UNUSED_VARIABLE = YES;
				IPHONEOS_DEPLOYMENT_TARGET = 13.2;
				MTL_ENABLE_DEBUG_INFO = NO;
				MTL_FAST_MATH = YES;
				SDKROOT = iphoneos;
				VALIDATE_PRODUCT = YES;
			};
			name = Release;
		};
		5E171666241B5A6400A452B2 /* Debug */ = {
			isa = XCBuildConfiguration;
			baseConfigurationReference = A977120A8B2832E617E87978 /* Pods-FlickrPhoto.debug.xcconfig */;
			buildSettings = {
				ASSETCATALOG_COMPILER_APPICON_NAME = AppIcon;
				CODE_SIGN_ENTITLEMENTS = FlickrPhoto/FlickrPhoto.entitlements;
				CODE_SIGN_STYLE = Automatic;
				DEVELOPMENT_TEAM = "";
				INFOPLIST_FILE = FlickrPhoto/Info.plist;
				IPHONEOS_DEPLOYMENT_TARGET = 10.0;
				LD_RUNPATH_SEARCH_PATHS = (
					"$(inherited)",
					"@executable_path/Frameworks",
				);
				PRODUCT_BUNDLE_IDENTIFIER = Jason.FlickrPhoto;
				PRODUCT_NAME = "$(TARGET_NAME)";
				TARGETED_DEVICE_FAMILY = "1,2";
			};
			name = Debug;
		};
		5E171667241B5A6400A452B2 /* Release */ = {
			isa = XCBuildConfiguration;
			baseConfigurationReference = 1E18BAC552B6C3646A0CF323 /* Pods-FlickrPhoto.release.xcconfig */;
			buildSettings = {
				ASSETCATALOG_COMPILER_APPICON_NAME = AppIcon;
				CODE_SIGN_ENTITLEMENTS = FlickrPhoto/FlickrPhoto.entitlements;
				CODE_SIGN_STYLE = Automatic;
				DEVELOPMENT_TEAM = "";
				INFOPLIST_FILE = FlickrPhoto/Info.plist;
				IPHONEOS_DEPLOYMENT_TARGET = 10.0;
				LD_RUNPATH_SEARCH_PATHS = (
					"$(inherited)",
					"@executable_path/Frameworks",
				);
				PRODUCT_BUNDLE_IDENTIFIER = Jason.FlickrPhoto;
				PRODUCT_NAME = "$(TARGET_NAME)";
				TARGETED_DEVICE_FAMILY = "1,2";
			};
			name = Release;
		};
		5E171669241B5A6400A452B2 /* Debug */ = {
			isa = XCBuildConfiguration;
			buildSettings = {
				BUNDLE_LOADER = "$(TEST_HOST)";
				CODE_SIGN_STYLE = Automatic;
				INFOPLIST_FILE = FlickrPhotoTests/Info.plist;
				IPHONEOS_DEPLOYMENT_TARGET = 13.2;
				LD_RUNPATH_SEARCH_PATHS = (
					"$(inherited)",
					"@executable_path/Frameworks",
					"@loader_path/Frameworks",
				);
				PRODUCT_BUNDLE_IDENTIFIER = Jason.FlickrPhotoTests;
				PRODUCT_NAME = "$(TARGET_NAME)";
				TARGETED_DEVICE_FAMILY = "1,2";
				TEST_HOST = "$(BUILT_PRODUCTS_DIR)/FlickrPhoto.app/FlickrPhoto";
			};
			name = Debug;
		};
		5E17166A241B5A6400A452B2 /* Release */ = {
			isa = XCBuildConfiguration;
			buildSettings = {
				BUNDLE_LOADER = "$(TEST_HOST)";
				CODE_SIGN_STYLE = Automatic;
				INFOPLIST_FILE = FlickrPhotoTests/Info.plist;
				IPHONEOS_DEPLOYMENT_TARGET = 13.2;
				LD_RUNPATH_SEARCH_PATHS = (
					"$(inherited)",
					"@executable_path/Frameworks",
					"@loader_path/Frameworks",
				);
				PRODUCT_BUNDLE_IDENTIFIER = Jason.FlickrPhotoTests;
				PRODUCT_NAME = "$(TARGET_NAME)";
				TARGETED_DEVICE_FAMILY = "1,2";
				TEST_HOST = "$(BUILT_PRODUCTS_DIR)/FlickrPhoto.app/FlickrPhoto";
			};
			name = Release;
		};
		5E17166C241B5A6400A452B2 /* Debug */ = {
			isa = XCBuildConfiguration;
			buildSettings = {
				CODE_SIGN_STYLE = Automatic;
				INFOPLIST_FILE = FlickrPhotoUITests/Info.plist;
				LD_RUNPATH_SEARCH_PATHS = (
					"$(inherited)",
					"@executable_path/Frameworks",
					"@loader_path/Frameworks",
				);
				PRODUCT_BUNDLE_IDENTIFIER = Jason.FlickrPhotoUITests;
				PRODUCT_NAME = "$(TARGET_NAME)";
				TARGETED_DEVICE_FAMILY = "1,2";
				TEST_TARGET_NAME = FlickrPhoto;
			};
			name = Debug;
		};
		5E17166D241B5A6400A452B2 /* Release */ = {
			isa = XCBuildConfiguration;
			buildSettings = {
				CODE_SIGN_STYLE = Automatic;
				INFOPLIST_FILE = FlickrPhotoUITests/Info.plist;
				LD_RUNPATH_SEARCH_PATHS = (
					"$(inherited)",
					"@executable_path/Frameworks",
					"@loader_path/Frameworks",
				);
				PRODUCT_BUNDLE_IDENTIFIER = Jason.FlickrPhotoUITests;
				PRODUCT_NAME = "$(TARGET_NAME)";
				TARGETED_DEVICE_FAMILY = "1,2";
				TEST_TARGET_NAME = FlickrPhoto;
			};
			name = Release;
		};
/* End XCBuildConfiguration section */

/* Begin XCConfigurationList section */
		5E171631241B5A6000A452B2 /* Build configuration list for PBXProject "FlickrPhoto" */ = {
			isa = XCConfigurationList;
			buildConfigurations = (
				5E171663241B5A6400A452B2 /* Debug */,
				5E171664241B5A6400A452B2 /* Release */,
			);
			defaultConfigurationIsVisible = 0;
			defaultConfigurationName = Release;
		};
		5E171665241B5A6400A452B2 /* Build configuration list for PBXNativeTarget "FlickrPhoto" */ = {
			isa = XCConfigurationList;
			buildConfigurations = (
				5E171666241B5A6400A452B2 /* Debug */,
				5E171667241B5A6400A452B2 /* Release */,
			);
			defaultConfigurationIsVisible = 0;
			defaultConfigurationName = Release;
		};
		5E171668241B5A6400A452B2 /* Build configuration list for PBXNativeTarget "FlickrPhotoTests" */ = {
			isa = XCConfigurationList;
			buildConfigurations = (
				5E171669241B5A6400A452B2 /* Debug */,
				5E17166A241B5A6400A452B2 /* Release */,
			);
			defaultConfigurationIsVisible = 0;
			defaultConfigurationName = Release;
		};
		5E17166B241B5A6400A452B2 /* Build configuration list for PBXNativeTarget "FlickrPhotoUITests" */ = {
			isa = XCConfigurationList;
			buildConfigurations = (
				5E17166C241B5A6400A452B2 /* Debug */,
				5E17166D241B5A6400A452B2 /* Release */,
			);
			defaultConfigurationIsVisible = 0;
			defaultConfigurationName = Release;
		};
/* End XCConfigurationList section */
	};
	rootObject = 5E17162E241B5A6000A452B2 /* Project object */;
}
